
Microsoft Visual Studio Solution File, Format Version 12.00
# Visual Studio Version 16
VisualStudioVersion = 16.0.31424.327
MinimumVisualStudioVersion = 10.0.40219.1
Project("{FAE04EC0-301F-11D3-BF4B-00C04F79EFBC}") = "FMultiRetorno", "FMultiRetorno.csproj", "{7358F065-84BD-43B7-A5D1-0AF0241B9FEF}"
EndProject
Global
	GlobalSection(SolutionConfigurationPlatforms) = preSolution
		Debug|Any CPU = Debug|Any CPU
		Release|Any CPU = Release|Any CPU
	EndGlobalSection
	GlobalSection(ProjectConfigurationPlatforms) = postSolution
		{7358F065-84BD-43B7-A5D1-0AF0241B9FEF}.Debug|Any CPU.ActiveCfg = Debug|Any CPU
		{7358F065-84BD-43B7-A5D1-0AF0241B9FEF}.Debug|Any CPU.Build.0 = Debug|Any CPU
		{7358F065-84BD-43B7-A5D1-0AF0241B9FEF}.Release|Any CPU.ActiveCfg = Release|Any CPU
		{7358F065-84BD-43B7-A5D1-0AF0241B9FEF}.Release|Any CPU.Build.0 = Release|Any CPU
	EndGlobalSection
	GlobalSection(SolutionProperties) = preSolution
		HideSolutionNode = FALSE
	EndGlobalSection
	GlobalSection(ExtensibilityGlobals) = postSolution
		SolutionGuid = {9C63097E-0117-4640-B069-F00CA5090838}
	EndGlobalSection
EndGlobal
